
Microsoft Visual Studio Solution File, Format Version 12.00
Project("{FAE04EC0-301F-11D3-BF4B-00C04F79EFBC}") = "Gods", "Gods\Gods.csproj", "{063B97C8-BD92-47EF-8636-6DBD804F5B6C}"
EndProject
Project("{FAE04EC0-301F-11D3-BF4B-00C04F79EFBC}") = "ElonWeb", "ElonWeb\ElonWeb.csproj", "{1085FE28-A9FE-4300-903B-630CCBBB7C70}"
EndProject
Project("{FAE04EC0-301F-11D3-BF4B-00C04F79EFBC}") = "ZuckWeb", "ZuckWeb\ZuckWeb.csproj", "{C35A60FA-6709-4178-8328-FB536B2B7A1A}"
EndProject
Project("{FAE04EC0-301F-11D3-BF4B-00C04F79EFBC}") = "Strategies", "Strategies\Strategies.csproj", "{73929550-FB7D-4014-B2F2-EF1FE7F12726}"
EndProject
Global
	GlobalSection(SolutionConfigurationPlatforms) = preSolution
		Debug|Any CPU = Debug|Any CPU
		Release|Any CPU = Release|Any CPU
	EndGlobalSection
	GlobalSection(ProjectConfigurationPlatforms) = postSolution
		{063B97C8-BD92-47EF-8636-6DBD804F5B6C}.Debug|Any CPU.ActiveCfg = Debug|Any CPU
		{063B97C8-BD92-47EF-8636-6DBD804F5B6C}.Debug|Any CPU.Build.0 = Debug|Any CPU
		{063B97C8-BD92-47EF-8636-6DBD804F5B6C}.Release|Any CPU.ActiveCfg = Release|Any CPU
		{063B97C8-BD92-47EF-8636-6DBD804F5B6C}.Release|Any CPU.Build.0 = Release|Any CPU
		{1085FE28-A9FE-4300-903B-630CCBBB7C70}.Debug|Any CPU.ActiveCfg = Debug|Any CPU
		{1085FE28-A9FE-4300-903B-630CCBBB7C70}.Debug|Any CPU.Build.0 = Debug|Any CPU
		{1085FE28-A9FE-4300-903B-630CCBBB7C70}.Release|Any CPU.ActiveCfg = Release|Any CPU
		{1085FE28-A9FE-4300-903B-630CCBBB7C70}.Release|Any CPU.Build.0 = Release|Any CPU
		{C35A60FA-6709-4178-8328-FB536B2B7A1A}.Debug|Any CPU.ActiveCfg = Debug|Any CPU
		{C35A60FA-6709-4178-8328-FB536B2B7A1A}.Debug|Any CPU.Build.0 = Debug|Any CPU
		{C35A60FA-6709-4178-8328-FB536B2B7A1A}.Release|Any CPU.ActiveCfg = Release|Any CPU
		{C35A60FA-6709-4178-8328-FB536B2B7A1A}.Release|Any CPU.Build.0 = Release|Any CPU
		{73929550-FB7D-4014-B2F2-EF1FE7F12726}.Debug|Any CPU.ActiveCfg = Debug|Any CPU
		{73929550-FB7D-4014-B2F2-EF1FE7F12726}.Debug|Any CPU.Build.0 = Debug|Any CPU
		{73929550-FB7D-4014-B2F2-EF1FE7F12726}.Release|Any CPU.ActiveCfg = Release|Any CPU
		{73929550-FB7D-4014-B2F2-EF1FE7F12726}.Release|Any CPU.Build.0 = Release|Any CPU
	EndGlobalSection
EndGlobal
