
Microsoft Visual Studio Solution File, Format Version 12.00
Project("{FAE04EC0-301F-11D3-BF4B-00C04F79EFBC}") = "ElonMT", "ElonMT\ElonMT.csproj", "{715D5991-B59A-4C62-A320-146C17AE8D7D}"
EndProject
Project("{FAE04EC0-301F-11D3-BF4B-00C04F79EFBC}") = "Strategies", "Strategies\Strategies.csproj", "{B7C6BEDD-7481-4A0E-A514-EFD90C8AD579}"
EndProject
Project("{FAE04EC0-301F-11D3-BF4B-00C04F79EFBC}") = "ZuckMT", "ZuckMT\ZuckMT.csproj", "{9FC028A7-72F5-4353-99E4-EC89E41A8906}"
EndProject
Project("{FAE04EC0-301F-11D3-BF4B-00C04F79EFBC}") = "Contracts", "Contracts\Contracts.csproj", "{BC2F8D54-95A6-4FDB-A35A-C3091F6916DB}"
EndProject
Project("{FAE04EC0-301F-11D3-BF4B-00C04F79EFBC}") = "Gods", "Gods\Gods.csproj", "{F6A042FC-FE28-4DE4-8B9E-38C9B412AB7A}"
EndProject
Global
	GlobalSection(SolutionConfigurationPlatforms) = preSolution
		Debug|Any CPU = Debug|Any CPU
		Release|Any CPU = Release|Any CPU
	EndGlobalSection
	GlobalSection(ProjectConfigurationPlatforms) = postSolution
		{715D5991-B59A-4C62-A320-146C17AE8D7D}.Debug|Any CPU.ActiveCfg = Debug|Any CPU
		{715D5991-B59A-4C62-A320-146C17AE8D7D}.Debug|Any CPU.Build.0 = Debug|Any CPU
		{715D5991-B59A-4C62-A320-146C17AE8D7D}.Release|Any CPU.ActiveCfg = Release|Any CPU
		{715D5991-B59A-4C62-A320-146C17AE8D7D}.Release|Any CPU.Build.0 = Release|Any CPU
		{B7C6BEDD-7481-4A0E-A514-EFD90C8AD579}.Debug|Any CPU.ActiveCfg = Debug|Any CPU
		{B7C6BEDD-7481-4A0E-A514-EFD90C8AD579}.Debug|Any CPU.Build.0 = Debug|Any CPU
		{B7C6BEDD-7481-4A0E-A514-EFD90C8AD579}.Release|Any CPU.ActiveCfg = Release|Any CPU
		{B7C6BEDD-7481-4A0E-A514-EFD90C8AD579}.Release|Any CPU.Build.0 = Release|Any CPU
		{9FC028A7-72F5-4353-99E4-EC89E41A8906}.Debug|Any CPU.ActiveCfg = Debug|Any CPU
		{9FC028A7-72F5-4353-99E4-EC89E41A8906}.Debug|Any CPU.Build.0 = Debug|Any CPU
		{9FC028A7-72F5-4353-99E4-EC89E41A8906}.Release|Any CPU.ActiveCfg = Release|Any CPU
		{9FC028A7-72F5-4353-99E4-EC89E41A8906}.Release|Any CPU.Build.0 = Release|Any CPU
		{BC2F8D54-95A6-4FDB-A35A-C3091F6916DB}.Debug|Any CPU.ActiveCfg = Debug|Any CPU
		{BC2F8D54-95A6-4FDB-A35A-C3091F6916DB}.Debug|Any CPU.Build.0 = Debug|Any CPU
		{BC2F8D54-95A6-4FDB-A35A-C3091F6916DB}.Release|Any CPU.ActiveCfg = Release|Any CPU
		{BC2F8D54-95A6-4FDB-A35A-C3091F6916DB}.Release|Any CPU.Build.0 = Release|Any CPU
		{F6A042FC-FE28-4DE4-8B9E-38C9B412AB7A}.Debug|Any CPU.ActiveCfg = Debug|Any CPU
		{F6A042FC-FE28-4DE4-8B9E-38C9B412AB7A}.Debug|Any CPU.Build.0 = Debug|Any CPU
		{F6A042FC-FE28-4DE4-8B9E-38C9B412AB7A}.Release|Any CPU.ActiveCfg = Release|Any CPU
		{F6A042FC-FE28-4DE4-8B9E-38C9B412AB7A}.Release|Any CPU.Build.0 = Release|Any CPU
	EndGlobalSection
EndGlobal
